
Microsoft Visual Studio Solution File, Format Version 12.00
# Visual Studio 15
VisualStudioVersion = 15.0.26430.6
MinimumVisualStudioVersion = 10.0.40219.1
Project("{FAE04EC0-301F-11D3-BF4B-00C04F79EFBC}") = "TDD-Day2", "TDD-Day2\TDD-Day2.csproj", "{90844DE3-4876-4F20-9E78-192ADA610947}"
EndProject
Global
	GlobalSection(SolutionConfigurationPlatforms) = preSolution
		Debug|Any CPU = Debug|Any CPU
		Release|Any CPU = Release|Any CPU
	EndGlobalSection
	GlobalSection(ProjectConfigurationPlatforms) = postSolution
		{90844DE3-4876-4F20-9E78-192ADA610947}.Debug|Any CPU.ActiveCfg = Debug|Any CPU
		{90844DE3-4876-4F20-9E78-192ADA610947}.Debug|Any CPU.Build.0 = Debug|Any CPU
		{90844DE3-4876-4F20-9E78-192ADA610947}.Release|Any CPU.ActiveCfg = Release|Any CPU
		{90844DE3-4876-4F20-9E78-192ADA610947}.Release|Any CPU.Build.0 = Release|Any CPU
	EndGlobalSection
	GlobalSection(SolutionProperties) = preSolution
		HideSolutionNode = FALSE
	EndGlobalSection
EndGlobal
